filippo.io/edwards25519 v1.0.0 h1:0wAIcmJUqRdI8IJ/3eGi5/HwXZWPujYXXlkrQogz0Ek=
filippo.io/edwards25519 v1.0.0/go.mod h1:N1IkdkCkiLB6tki+MYJoSx2JTY9NUlxZE7eHn5EwJns=
github.com/btcsuite/btcd/btcec/v2 v2.3.2 h1:5n0X6hX0Zk+6omWcihdYvdAlGf2DfasC0GMf7DClJ3U=
github.com/btcsuite/btcd/btcec/v2 v2.3.2/go.mod h1:zYzJ8etWJQIv1Ogk7OzpWjowwOdXY1W/17j2MW85J04=
github.com/btcsuite/btcd/chaincfg/chainhash v1.0.1 h1:q0rUy8C/TYNBQS1+CGKw68tLOFYSNEs0TFnxxnS9+4U=
github.com/btcsuite/btcd/chaincfg/chainhash v1.0.1/go.mod h1:7SFka0XMvUgj3hfZtydOrQY2mwhPclbT2snogU7SQQc=
github.com/creack/pty v1.1.9/go.mod h1:oKZEueFk5CKHvIhNR5MUki03XCEU+Q6VDXinZuGJ33E=
github.com/davecgh/go-spew v1.1.0/go.mod h1:J7Y8YcW2NihsgmVo/mv3lAwl/skON4iLHjSsI+c5H38=
github.com/davecgh/go-spew v1.1.1 h1:vj9j/u1bqnvCEfJOwUhtlOARqs3+rkHYY13jYWTU97c=
github.com/davecgh/go-spew v1.1.1/go.mod h1:J7Y8YcW2NihsgmVo/mv3lAwl/skON4iLHjSsI+c5H38=
github.com/decred/dcrd/crypto/blake256 v1.0.1 h1:7PltbUIQB7u/FfZ39+DGa/ShuMyJ5ilcvdfma9wOH6Y=
github.com/decred/dcrd/crypto/blake256 v1.0.1/go.mod h1:2OfgNZ5wDpcsFmHmCK5gZTPcCXqlm2ArzUIkw9czNJo=
github.com/decred/dcrd/dcrec/secp256k1/v4 v4.2.0 h1:8UrgZ3GkP4i/CLijOJx79Yu+etlyjdBU4sfcs2WYQMs=
github.com/decred/dcrd/dcrec/secp256k1/v4 v4.2.0/go.mod h1:v57UDF4pDQJcEfFUCRop3lJL149eHGSe9Jvczhzjo/0=
github.com/ethereum/go-ethereum v1.13.1 h1:UF2FaUKPIy5jeZk3X06ait3y2Q4wI+vJ1l7+UARp+60=
github.com/ethereum/go-ethereum v1.13.1/go.mod h1:xHQKzwkHSl0gnSjZK1mWa06XEdm9685AHqhRknOzqGQ=
github.com/fjl/memsize v0.0.2 h1:27txuSD9or+NZlnOWdKUxeBzTAUkWCVh+4Gf2dWFOzA=
github.com/fjl/memsize v0.0.2/go.mod h1:VvhXpOYNQvB+uIk2RvXzuaQtkQJzzIx6lSBe1xv7hi0=
github.com/golang/protobuf v1.5.0/go.mod h1:FsONVRAS9T7sI+LIUmWTfcYkHO4aIWwzhcaSAoJOfIk=
github.com/google/go-cmp v0.5.5/go.mod h1:v8dTdLbMG2kIc/vJvl+f65V22dbkXbowE6jgT/gNBxE=
github.com/google/go-cmp v0.5.9 h1:O2Tfq5qg4qc4AmwVlvv0oLiVAGB7enBSJ2x2DqQFi38=
github.com/google/go-cmp v0.5.9/go.mod h1:17dUlkBOakJ0+DkrSSNjCkIjxS6bF9zb3elmeNGIjoY=
github.com/google/uuid v1.3.1 h1:KjJaJ9iWZ3jOFZIf1Lqf4laDRCasjl0BCmnEGxkdLb4=
github.com/google/uuid v1.3.1/go.mod h1:TIyPZe4MgqvfeYDBFedMoGGpEw/LqOeaOT+nhxU+yHo=
github.com/holiman/uint256 v1.2.3 h1:K8UWO1HUJpRMXBxbmaY1Y8IAMZC/RsKB+ArEnnK4l5o=
github.com/holiman/uint256 v1.2.3/go.mod h1:SC8Ryt4n+UBbPbIBKaG9zbbDlp4jOru9xFZmPzLUTxw=
github.com/iancoleman/orderedmap v0.3.0 h1:5cbR2grmZR/DiVt+VJopEhtVs9YGInGIxAoMJn+Ichc=
github.com/iancoleman/orderedmap v0.3.0/go.mod h1:XuLcCUkdL5owUCQeF2Ue9uuw1EptkJDkXXS7VoV7XGE=
github.com/iotaledger/grocksdb v1.7.5-0.20230220105546-5162e18885c7 h1:dTrD7X2PTNgli6EbS4tV9qu3QAm/kBU3XaYZV2xdzys=
github.com/iotaledger/grocksdb v1.7.5-0.20230220105546-5162e18885c7/go.mod h1:ZRdPu684P0fQ1z8sXz4dj9H5LWHhz4a9oCtvjunkSrw=
github.com/iotaledger/hive.go/ads v0.0.0-20230906114834-b50190b9f9c2 h1:C8oOO8iHniK2yiQiphft8MXT/x97InWgUww+moQh2DU=
github.com/iotaledger/hive.go/ads v0.0.0-20230906114834-b50190b9f9c2/go.mod h1:IAWZ/5It5P8B41mWyJXJVcG0vuikVRaTFKQnr2D2q+c=
github.com/iotaledger/hive.go/constraints v0.0.0-20230912172434-dc477e1f5140 h1:/GDTCmFXcjDabg8HwfYL78BsN0cfGyd2onhRPWqDY20=
github.com/iotaledger/hive.go/constraints v0.0.0-20230912172434-dc477e1f5140/go.mod h1:dOBOM2s4se3HcWefPe8sQLUalGXJ8yVXw58oK8jke3s=
github.com/iotaledger/hive.go/core v1.0.0-rc.3.0.20230912172434-dc477e1f5140 h1:5vyVnYnC6j1kvRrWrcgq2oLaBYomFvFHUq7R/7mC4Ns=
github.com/iotaledger/hive.go/core v1.0.0-rc.3.0.20230912172434-dc477e1f5140/go.mod h1:jn3TNmiNRIiQm/rS4VD+7wFHI2+UXABHvCA3PbQxBqI=
github.com/iotaledger/hive.go/crypto v0.0.0-20230912172434-dc477e1f5140 h1:Rnor/2Bcy8luSAFO+HBRxoLzPtxJzpLZjRle4OSyjBA=
github.com/iotaledger/hive.go/crypto v0.0.0-20230912172434-dc477e1f5140/go.mod h1:jP68na941d9uq7RtnA8aQ/FtIGRGz/51cU4uXrInQFU=
github.com/iotaledger/hive.go/ds v0.0.0-20230912172434-dc477e1f5140 h1:HIYMX4qEA8IqM02eOI2ZYVyn01zhCCvJ6YpMzf+P/RM=
github.com/iotaledger/hive.go/ds v0.0.0-20230912172434-dc477e1f5140/go.mod h1:ZrqsjIJS2QCgGp7Ki+l4hWJQgzfBObUCemb5Upwlx18=
github.com/iotaledger/hive.go/ierrors v0.0.0-20230912172434-dc477e1f5140 h1:N4Qpd7vCNhuFQ+Wg8k9gInVpHjqLlNrEfEVgYuC/aDs=
github.com/iotaledger/hive.go/ierrors v0.0.0-20230912172434-dc477e1f5140/go.mod h1:HcE8B5lP96enc/OALTb2/rIIi+yOLouRoHOKRclKmC8=
github.com/iotaledger/hive.go/kvstore v0.0.0-20230906114834-b50190b9f9c2 h1:PBc7/OrBkfXV70odqXdGJzKqvImx/R46R65OO9RMRpw=
github.com/iotaledger/hive.go/kvstore v0.0.0-20230906114834-b50190b9f9c2/go.mod h1:DeP4JF4N995LteD0+/o7NsW1bO5IXURIJ27A69Ca5+Y=
github.com/iotaledger/hive.go/lo v0.0.0-20230912172434-dc477e1f5140 h1:OhsjldIlatxskIfpEXDyodi1RpV9w9aXUEit9uVLBs8=
github.com/iotaledger/hive.go/lo v0.0.0-20230912172434-dc477e1f5140/go.mod h1:/LERu5vqcessCqr40Wxmbx4x0bbymsK7GuL+TK/ckKo=
github.com/iotaledger/hive.go/runtime v0.0.0-20230912172434-dc477e1f5140 h1:XxDIaa6kzWxoQ1Hd22AQJpqhV6ySXO5ysGeI7QjVDCg=
github.com/iotaledger/hive.go/runtime v0.0.0-20230912172434-dc477e1f5140/go.mod h1:fXVyQ1MAwxe/EmjAnG8WcQqbzGk9EW/FsJ/n16H/f/w=
github.com/iotaledger/hive.go/serializer/v2 v2.0.0-rc.1.0.20230912172434-dc477e1f5140 h1:VFBVUIvYn78TjG8Rjxvovud9KZjfVaS4qmfqAaTzJdI=
github.com/iotaledger/hive.go/serializer/v2 v2.0.0-rc.1.0.20230912172434-dc477e1f5140/go.mod h1:IJgaaxbgKCsNat18jlJJEAxCY2oVYR3F30B+M4vJ89I=
github.com/iotaledger/hive.go/stringify v0.0.0-20230912172434-dc477e1f5140 h1:ZGeNsbWhWzJMmomjX8UqZJ4493nZ7B4kN/wWUdnyltM=
github.com/iotaledger/hive.go/stringify v0.0.0-20230912172434-dc477e1f5140/go.mod h1:FTo/UWzNYgnQ082GI9QVM9HFDERqf9rw9RivNpqrnTs=
github.com/iotaledger/iota.go/v4 v4.0.0-20230921110244-f4f25eb27e05 h1:arct4Q+cCFs6xaUS6lYt8hd1NFT+w1L5qoXGPC5ZYtU=
github.com/iotaledger/iota.go/v4 v4.0.0-20230921110244-f4f25eb27e05/go.mod h1:DWCa+mXRTGWBV0EHVuvToUxAEcICe2Pab9hBlxBamKo=
github.com/ipfs/go-cid v0.4.1 h1:A/T3qGvxi4kpKWWcPC/PgbvDA2bjVLO7n4UeVwnbs/s=
github.com/ipfs/go-cid v0.4.1/go.mod h1:uQHwDeX4c6CtyrFwdqyhpNcxVewur1M7l7fNU7LKwZk=
github.com/klauspost/cpuid/v2 v2.2.5 h1:0E5MSMDEoAulmXNFquVs//DdoomxaoTY1kUhbc/qbZg=
github.com/klauspost/cpuid/v2 v2.2.5/go.mod h1:Lcz8mBdAVJIBVzewtcLocK12l3Y+JytZYpaMropDUws=
github.com/kr/pretty v0.3.0 h1:WgNl7dwNpEZ6jJ9k1snq4pZsg7DOEN8hP9Xw0Tsjwk0=
github.com/kr/pretty v0.3.0/go.mod h1:640gp4NfQd8pI5XOwp5fnNeVWj67G7CFk/SaSQn7NBk=
github.com/kr/text v0.2.0 h1:5Nx0Ya0ZqY2ygV366QzturHI13Jq95ApcVaJBhpS+AY=
github.com/kr/text v0.2.0/go.mod h1:eLer722TekiGuMkidMxC/pM04lWEeraHUUmBw8l2grE=
github.com/libp2p/go-buffer-pool v0.1.0 h1:oK4mSFcQz7cTQIfqbe4MIj9gLW+mnanjyFtc6cdF0Y8=
github.com/libp2p/go-buffer-pool v0.1.0/go.mod h1:N+vh8gMqimBzdKkSMVuydVDq+UV5QTWy5HSiZacSbPg=
github.com/libp2p/go-libp2p v0.30.0 h1:9EZwFtJPFBcs/yJTnP90TpN1hgrT/EsFfM+OZuwV87U=
github.com/libp2p/go-libp2p v0.30.0/go.mod h1:nr2g5V7lfftwgiJ78/HrID+pwvayLyqKCEirT2Y3Byg=
github.com/minio/sha256-simd v1.0.1 h1:6kaan5IFmwTNynnKKpDHe6FWHohJOHhCPchzK49dzMM=
github.com/minio/sha256-simd v1.0.1/go.mod h1:Pz6AKMiUdngCLpeTL/RJY1M9rUuPMYujV5xJjtbRSN8=
github.com/mr-tron/base58 v1.2.0 h1:T/HDJBh4ZCPbU39/+c3rRvE0uKBQlU27+QI8LJ4t64o=
github.com/mr-tron/base58 v1.2.0/go.mod h1:BinMc/sQntlIE1frQmRFPUoPA1Zkr8VRgBdjWI2mNwc=
github.com/multiformats/go-base32 v0.1.0 h1:pVx9xoSPqEIQG8o+UbAe7DNi51oej1NtK+aGkbLYxPE=
github.com/multiformats/go-base32 v0.1.0/go.mod h1:Kj3tFY6zNr+ABYMqeUNeGvkIC/UYgtWibDcT0rExnbI=
github.com/multiformats/go-base36 v0.2.0 h1:lFsAbNOGeKtuKozrtBsAkSVhv1p9D0/qedU9rQyccr0=
github.com/multiformats/go-base36 v0.2.0/go.mod h1:qvnKE++v+2MWCfePClUEjE78Z7P2a1UV0xHgWc0hkp4=
github.com/multiformats/go-multiaddr v0.11.0 h1:XqGyJ8ufbCE0HmTDwx2kPdsrQ36AGPZNZX6s6xfJH10=
github.com/multiformats/go-multiaddr v0.11.0/go.mod h1:gWUm0QLR4thQ6+ZF6SXUw8YjtwQSPapICM+NmCkxHSM=
github.com/multiformats/go-multibase v0.2.0 h1:isdYCVLvksgWlMW9OZRYJEa9pZETFivncJHmHnnd87g=
github.com/multiformats/go-multibase v0.2.0/go.mod h1:bFBZX4lKCA/2lyOFSAoKH5SS6oPyjtnzK/XTFDPkNuk=
github.com/multiformats/go-multicodec v0.9.0 h1:pb/dlPnzee/Sxv/j4PmkDRxCOi3hXTz3IbPKOXWJkmg=
github.com/multiformats/go-multicodec v0.9.0/go.mod h1:L3QTQvMIaVBkXOXXtVmYE+LI16i14xuaojr/H7Ai54k=
github.com/multiformats/go-multihash v0.2.3 h1:7Lyc8XfX/IY2jWb/gI7JP+o7JEq9hOa7BFvVU9RSh+U=
github.com/multiformats/go-multihash v0.2.3/go.mod h1:dXgKXCXjBzdscBLk9JkjINiEsCKRVch90MdaGiKsvSM=
github.com/multiformats/go-varint v0.0.7 h1:sWSGR+f/eu5ABZA2ZpYKBILXTTs9JWpdEM/nEGOHFS8=
github.com/multiformats/go-varint v0.0.7/go.mod h1:r8PUYw/fD/SjBCiKOoDlGF6QawOELpZAu9eioSos/OU=
github.com/orcaman/writerseeker v0.0.0-20200621085525-1d3f536ff85e h1:s2RNOM/IGdY0Y6qfTeUKhDawdHDpK9RGBdx80qN4Ttw=
github.com/orcaman/writerseeker v0.0.0-20200621085525-1d3f536ff85e/go.mod h1:nBdnFKj15wFbf94Rwfq4m30eAcyY9V/IyKAGQFtqkW0=
github.com/otiai10/copy v1.12.0 h1:cLMgSQnXBs1eehF0Wy/FAGsgDTDmAqFR7rQylBb1nDY=
github.com/otiai10/copy v1.12.0/go.mod h1:rSaLseMUsZFFbsFGc7wCJnnkTAvdc5L6VWxPE4308Ww=
github.com/otiai10/mint v1.5.1 h1:XaPLeE+9vGbuyEHem1JNk3bYc7KKqyI/na0/mLd/Kks=
github.com/otiai10/mint v1.5.1/go.mod h1:MJm72SBthJjz8qhefc4z1PYEieWmy8Bku7CjcAqyUSM=
github.com/pasztorpisti/qs v0.0.0-20171216220353-8d6c33ee906c h1:Gcce/r5tSQeprxswXXOwQ/RBU1bjQWVd9dB7QKoPXBE=
github.com/pasztorpisti/qs v0.0.0-20171216220353-8d6c33ee906c/go.mod h1:1iCZ0433JJMecYqCa+TdWA9Pax8MGl4ByuNDZ7eSnQY=
github.com/pelletier/go-toml/v2 v2.1.0 h1:FnwAJ4oYMvbT/34k9zzHuZNrhlz48GB3/s6at6/MHO4=
github.com/pelletier/go-toml/v2 v2.1.0/go.mod h1:tJU2Z3ZkXwnxa4DPO899bsyIoywizdUvyaeZurnPPDc=
github.com/petermattis/goid v0.0.0-20180202154549-b0b1615b78e5/go.mod h1:jvVRKCrJTQWu0XVbaOlby/2lO20uSCHEMzzplHXte1o=
github.com/petermattis/goid v0.0.0-20230904192822-1876fd5063bc h1:8bQZVK1X6BJR/6nYUPxQEP+ReTsceJTKizeuwjWOPUA=
github.com/petermattis/goid v0.0.0-20230904192822-1876fd5063bc/go.mod h1:pxMtw7cyUw6B2bRH0ZBANSPg+AoSud1I1iyJHI69jH4=
github.com/pmezard/go-difflib v1.0.0 h1:4DBwDE0NGyQoBHbLQYPwSUPoCMWR5BEzIk/f1lZbAQM=
github.com/pmezard/go-difflib v1.0.0/go.mod h1:iKH77koFhYxTK1pcRnkKkqfTogsbg7gZNVY4sRDYZ/4=
github.com/pokt-network/smt v0.6.1 h1:u5yTGNNND6edXv3vMQrAcjku1Ig4osehdu+EMYSXHUU=
github.com/pokt-network/smt v0.6.1/go.mod h1:CWgC9UzDxXJNkL7TEADnJXutZVMYzK/+dmBb37RWkeQ=
github.com/rogpeppe/go-internal v1.11.0 h1:cWPaGQEPrBb5/AsnsZesgZZ9yb1OQ+GOISoDNXVBh4M=
github.com/rogpeppe/go-internal v1.11.0/go.mod h1:ddIwULY96R17DhadqLgMfk9H9tvdUzkipdSkR5nkCZA=
github.com/sasha-s/go-deadlock v0.3.1 h1:sqv7fDNShgjcaxkO0JNcOAlr8B9+cV5Ey/OB71efZx0=
github.com/sasha-s/go-deadlock v0.3.1/go.mod h1:F73l+cr82YSh10GxyRI6qZiCgK64VaZjwesgfQ1/iLM=
github.com/spaolacci/murmur3 v1.1.0 h1:7c1g84S4BPRrfL5Xrdp6fOJ206sU9y293DDHaoy0bLI=
github.com/spaolacci/murmur3 v1.1.0/go.mod h1:JwIasOWyU6f++ZhiEuf87xNszmSA2myDM2Kzu9HwQUA=
github.com/spf13/pflag v1.0.5 h1:iy+VFUOCP1a+8yFto/drg2CJ5u0yRoB7fZw3DKv/JXA=
github.com/spf13/pflag v1.0.5/go.mod h1:McXfInJRrz4CZXVZOBLb0bTZqETkiAhM9Iw0y3An2Bg=
github.com/stretchr/objx v0.1.0/go.mod h1:HFkY916IF+rwdDfMAkV7OtwuqBVzrE8GR6GFx+wExME=
github.com/stretchr/objx v0.4.0/go.mod h1:YvHI0jy2hoMjB+UWwv71VJQ9isScKT/TqJzVSSt89Yw=
github.com/stretchr/objx v0.5.0/go.mod h1:Yh+to48EsGEfYuaHDzXPcE3xhTkx73EhmCGUpEOglKo=
github.com/stretchr/testify v1.7.1/go.mod h1:6Fq8oRcR53rry900zMqJjRRixrwX3KX962/h/Wwjteg=
github.com/stretchr/testify v1.8.0/go.mod h1:yNjHg4UonilssWZ8iaSj1OCr/vHnekPRkoO+kdMU+MU=
github.com/stretchr/testify v1.8.4 h1:CcVxjf3Q8PM0mHUKJCdn+eZZtm5yQwehR5yeSVQQcUk=
github.com/stretchr/testify v1.8.4/go.mod h1:sz/lmYIOXD/1dqDmKjjqLyZ2RngseejIcXlSw2iwfAo=
github.com/wollac/iota-crypto-demo v0.0.0-20221117162917-b10619eccb98 h1:i7k63xHOX2ntuHrhHewfKro67c834jug2DIk599fqAA=
github.com/wollac/iota-crypto-demo v0.0.0-20221117162917-b10619eccb98/go.mod h1:Knu2XMRWe8SkwTlHc/+ghP+O9DEaZRQQEyTjvLJ5Cck=
github.com/zyedidia/generic v1.2.1 h1:Zv5KS/N2m0XZZiuLS82qheRG4X1o5gsWreGb0hR7XDc=
github.com/zyedidia/generic v1.2.1/go.mod h1:ly2RBz4mnz1yeuVbQA/VFwGjK3mnHGRj1JuoG336Bis=
go.uber.org/atomic v1.11.0 h1:ZvwS0R+56ePWxUNi+Atn9dWONBPp/AUETXlHW0DxSjE=
go.uber.org/atomic v1.11.0/go.mod h1:LUxbIzbOniOlMKjJjyPfpl4v+PKK2cNJn91OQbhoJI0=
golang.org/x/crypto v0.13.0 h1:mvySKfSWJ+UKUii46M40LOvyWfN0s2U+46/jDd0e6Ck=
golang.org/x/crypto v0.13.0/go.mod h1:y6Z2r+Rw4iayiXXAIxJIDAJ1zMW4yaTpebo8fPOliYc=
golang.org/x/exp v0.0.0-20230817173708-d852ddb80c63 h1:m64FZMko/V45gv0bNmrNYoDEq8U5YUhetc9cBWKS1TQ=
golang.org/x/exp v0.0.0-20230817173708-d852ddb80c63/go.mod h1:0v4NqG35kSWCMzLaMeX+IQrlSnVE/bqGSyC2cz/9Le8=
golang.org/x/sys v0.5.0/go.mod h1:oPkhp1MJrh7nUepCBck5+mAzfO9JrbApNNgaTdGDITg=
golang.org/x/sys v0.12.0 h1:CM0HF96J0hcLAwsHPJZjfdNzs0gftsLfgKt57wWHJ0o=
golang.org/x/sys v0.12.0/go.mod h1:oPkhp1MJrh7nUepCBck5+mAzfO9JrbApNNgaTdGDITg=
golang.org/x/xerrors v0.0.0-20191204190536-9bdfabe68543/go.mod h1:I/5z698sn9Ka8TeJc9MKroUUfqBBauWjQqLJ2OPfmY0=
google.golang.org/protobuf v1.26.0-rc.1/go.mod h1:jlhhOSvTdKEhbULTjvd4ARK9grFBp09yW+WbY/TyQbw=
google.golang.org/protobuf v1.31.0 h1:g0LDEJHgrBl9N9r17Ru3sqWhkIx2NB67okBHPwC7hs8=
google.golang.org/protobuf v1.31.0/go.mod h1:HV8QOd/L58Z+nl8r43ehVNZIU/HEI6OcFqwMG9pJV4I=
gopkg.in/check.v1 v0.0.0-20161208181325-20d25e280405/go.mod h1:Co6ibVJAznAaIkqp8huTwlJQCZ016jof/cbN4VW5Yz0=
gopkg.in/check.v1 v1.0.0-20190902080502-41f04d3bba15 h1:YR8cESwS4TdDjEe65xsg0ogRM/Nc3DYOhEAlW+xobZo=
gopkg.in/check.v1 v1.0.0-20190902080502-41f04d3bba15/go.mod h1:Co6ibVJAznAaIkqp8huTwlJQCZ016jof/cbN4VW5Yz0=
gopkg.in/yaml.v3 v3.0.0-20200313102051-9f266ea9e77c/go.mod h1:K4uyk7z7BCEPqu6E+C64Yfv1cQ7kz7rIZviUmN+EgEM=
gopkg.in/yaml.v3 v3.0.1 h1:fxVm/GzAzEWqLHuvctI91KS9hhNmmWOoWu0XTYJS7CA=
gopkg.in/yaml.v3 v3.0.1/go.mod h1:K4uyk7z7BCEPqu6E+C64Yfv1cQ7kz7rIZviUmN+EgEM=
lukechampine.com/blake3 v1.2.1 h1:YuqqRuaqsGV71BV/nm9xlI0MKUv4QC54jQnBChWbGnI=
lukechampine.com/blake3 v1.2.1/go.mod h1:0OFRp7fBtAylGVCO40o87sbupkyIGgbpv1+M1k1LM6k=
