filippo.io/edwards25519 v1.0.0 h1:0wAIcmJUqRdI8IJ/3eGi5/HwXZWPujYXXlkrQogz0Ek=
filippo.io/edwards25519 v1.0.0/go.mod h1:N1IkdkCkiLB6tki+MYJoSx2JTY9NUlxZE7eHn5EwJns=
github.com/btcsuite/btcd/btcec/v2 v2.3.2 h1:5n0X6hX0Zk+6omWcihdYvdAlGf2DfasC0GMf7DClJ3U=
github.com/btcsuite/btcd/btcec/v2 v2.3.2/go.mod h1:zYzJ8etWJQIv1Ogk7OzpWjowwOdXY1W/17j2MW85J04=
github.com/btcsuite/btcd/chaincfg/chainhash v1.0.1 h1:q0rUy8C/TYNBQS1+CGKw68tLOFYSNEs0TFnxxnS9+4U=
github.com/celestiaorg/smt v0.3.0 h1:Hc6m8fIVRajrg/Saf8ivX4xw551LHzOs8kqeadd6h9s=
github.com/celestiaorg/smt v0.3.0/go.mod h1:/sdYDakowo/XaxS2Fl7CBqtuf/O2uTqF2zmAUFAtAiw=
github.com/creack/pty v1.1.9/go.mod h1:oKZEueFk5CKHvIhNR5MUki03XCEU+Q6VDXinZuGJ33E=
github.com/davecgh/go-spew v1.1.0/go.mod h1:J7Y8YcW2NihsgmVo/mv3lAwl/skON4iLHjSsI+c5H38=
github.com/davecgh/go-spew v1.1.1 h1:vj9j/u1bqnvCEfJOwUhtlOARqs3+rkHYY13jYWTU97c=
github.com/davecgh/go-spew v1.1.1/go.mod h1:J7Y8YcW2NihsgmVo/mv3lAwl/skON4iLHjSsI+c5H38=
github.com/decred/dcrd/crypto/blake256 v1.0.1 h1:7PltbUIQB7u/FfZ39+DGa/ShuMyJ5ilcvdfma9wOH6Y=
github.com/decred/dcrd/dcrec/secp256k1/v4 v4.2.0 h1:8UrgZ3GkP4i/CLijOJx79Yu+etlyjdBU4sfcs2WYQMs=
github.com/decred/dcrd/dcrec/secp256k1/v4 v4.2.0/go.mod h1:v57UDF4pDQJcEfFUCRop3lJL149eHGSe9Jvczhzjo/0=
github.com/ethereum/go-ethereum v1.12.0 h1:bdnhLPtqETd4m3mS8BGMNvBTf36bO5bx/hxE2zljOa0=
github.com/ethereum/go-ethereum v1.12.0/go.mod h1:/oo2X/dZLJjf2mJ6YT9wcWxa4nNJDBKDBU6sFIpx1Gs=
github.com/fjl/memsize v0.0.1 h1:+zhkb+dhUgx0/e+M8sF0QqiouvMQUiKR+QYvdxIOKcQ=
github.com/golang/protobuf v1.5.0/go.mod h1:FsONVRAS9T7sI+LIUmWTfcYkHO4aIWwzhcaSAoJOfIk=
github.com/google/go-cmp v0.5.5/go.mod h1:v8dTdLbMG2kIc/vJvl+f65V22dbkXbowE6jgT/gNBxE=
github.com/google/go-cmp v0.5.9 h1:O2Tfq5qg4qc4AmwVlvv0oLiVAGB7enBSJ2x2DqQFi38=
github.com/google/go-cmp v0.5.9/go.mod h1:17dUlkBOakJ0+DkrSSNjCkIjxS6bF9zb3elmeNGIjoY=
github.com/google/uuid v1.3.0 h1:t6JiXgmwXMjEs8VusXIJk2BXHsn+wx8BZdTaoZ5fu7I=
github.com/google/uuid v1.3.0/go.mod h1:TIyPZe4MgqvfeYDBFedMoGGpEw/LqOeaOT+nhxU+yHo=
github.com/holiman/uint256 v1.2.3 h1:K8UWO1HUJpRMXBxbmaY1Y8IAMZC/RsKB+ArEnnK4l5o=
github.com/holiman/uint256 v1.2.3/go.mod h1:SC8Ryt4n+UBbPbIBKaG9zbbDlp4jOru9xFZmPzLUTxw=
github.com/iancoleman/orderedmap v0.3.0 h1:5cbR2grmZR/DiVt+VJopEhtVs9YGInGIxAoMJn+Ichc=
github.com/iancoleman/orderedmap v0.3.0/go.mod h1:XuLcCUkdL5owUCQeF2Ue9uuw1EptkJDkXXS7VoV7XGE=
github.com/iotaledger/grocksdb v1.7.5-0.20230220105546-5162e18885c7 h1:dTrD7X2PTNgli6EbS4tV9qu3QAm/kBU3XaYZV2xdzys=
github.com/iotaledger/grocksdb v1.7.5-0.20230220105546-5162e18885c7/go.mod h1:ZRdPu684P0fQ1z8sXz4dj9H5LWHhz4a9oCtvjunkSrw=
github.com/iotaledger/hive.go/ads v0.0.0-20230721122326-34450325011f h1:10agBd0oarqgIM0H0NmYMeBi7FrEMvrnM+YBuQxUrDM=
github.com/iotaledger/hive.go/ads v0.0.0-20230721122326-34450325011f/go.mod h1:Zyf6R+xlb6PDF1Dfw0drGuvLCSdcaN7lnWMU7Iom4G8=
github.com/iotaledger/hive.go/constraints v0.0.0-20230721122326-34450325011f h1:vvicWDukLH004elgOO7ipi1QXQljcF+6r+I4OXvqe+I=
github.com/iotaledger/hive.go/constraints v0.0.0-20230721122326-34450325011f/go.mod h1:bvXXc6quBdERMMKnirr2+iQU4WnTz4KDbdHcusW9Ats=
github.com/iotaledger/hive.go/core v1.0.0-rc.3.0.20230721122326-34450325011f h1:x/IggWvHVaZpacfI+4k1dCmnGV7blKzHSIdxkk9OX14=
github.com/iotaledger/hive.go/core v1.0.0-rc.3.0.20230721122326-34450325011f/go.mod h1:kqBiMAxd27b9J7E2vyIbHOng2eJwulJrQzkmH7jtfxU=
github.com/iotaledger/hive.go/crypto v0.0.0-20230721122326-34450325011f h1:jJsdO6pfGs/NlYMrYwgnUc8QLPtkUvPqIMXx1TwR/VM=
github.com/iotaledger/hive.go/crypto v0.0.0-20230721122326-34450325011f/go.mod h1:w6thXDyiLBOkX3ZoUqyWIKWO9wSPnjdLxh3o79yOlM4=
github.com/iotaledger/hive.go/ds v0.0.0-20230721122326-34450325011f h1:X1hfxWqIE1nGgL3+IUiztAXgN9RMOIMxcedKebDfStc=
github.com/iotaledger/hive.go/ds v0.0.0-20230721122326-34450325011f/go.mod h1:UhdpSnVhS2AmLSh+cxKoI5QGUD0+15eF0TgOq85NUk4=
github.com/iotaledger/hive.go/ierrors v0.0.0-20230721122326-34450325011f h1:CG7THGy68On4YQPYX6eLKd+s/hi+bo+KCDQaDOro1xo=
github.com/iotaledger/hive.go/ierrors v0.0.0-20230721122326-34450325011f/go.mod h1:aMfXyyUB+ODjZB2Q1CdSUSWIFbhvIWnVlBZWkJ2T0Uw=
github.com/iotaledger/hive.go/kvstore v0.0.0-20230721122326-34450325011f h1:ajHyTWZveJdKpWLdICW9UmD1NW+W/3/RNjJ9Ex6QiBE=
github.com/iotaledger/hive.go/kvstore v0.0.0-20230721122326-34450325011f/go.mod h1:FSZGZCYhz4ve0n0qPM+m5UupZYV8bOjYOY6Oi2hQjWQ=
github.com/iotaledger/hive.go/lo v0.0.0-20230721122326-34450325011f h1:ndokg56fqePiG1W6xozpqYUKS6mReICefVDprg8teU0=
github.com/iotaledger/hive.go/lo v0.0.0-20230721122326-34450325011f/go.mod h1:yJvy1PiQOUxLSwIbNok20I1HIyZmSKJbD5biRBvlEVE=
github.com/iotaledger/hive.go/runtime v0.0.0-20230721122326-34450325011f h1:oT3Nx+JMJWyzzYB72oxUET9uz17b/EiYUc7c3mDQs2g=
github.com/iotaledger/hive.go/runtime v0.0.0-20230721122326-34450325011f/go.mod h1:zKnWkn61Ao2XK4JHtpl3UAQccv8C9jUw+IgZ7ehwHnw=
github.com/iotaledger/hive.go/serializer/v2 v2.0.0-rc.1.0.20230721122326-34450325011f h1:Y4LAtHKQ4br37BQjKQK8bUocGq5kZPgxm+1uHTwmeYY=
github.com/iotaledger/hive.go/serializer/v2 v2.0.0-rc.1.0.20230721122326-34450325011f/go.mod h1:bm01igq/t7Xj7jTmrYuIn5xnwTzyOQmFKVr7cmqq4wU=
github.com/iotaledger/hive.go/stringify v0.0.0-20230721122326-34450325011f h1:Rt3f91JQQWiRm9OJaRJWIQdlIRMDN5rXq1qWsiqXXP0=
github.com/iotaledger/hive.go/stringify v0.0.0-20230721122326-34450325011f/go.mod h1:l/F3cA/+67QdNj+sohv2v4HhmsdOcWScoA+sVYoAE4c=
github.com/iotaledger/inx-app v1.0.0-rc.3.0.20230726135831-dd0c6ef61d5b h1:UTEDKQqCuggHIxicvmPUZiYUbI6EORyLgdY+vVhmB0w=
github.com/iotaledger/inx-app v1.0.0-rc.3.0.20230726135831-dd0c6ef61d5b/go.mod h1:bCVbiVUZpvMs35hQy/KHM05iYBQ62HF9DKfGZmPtzSk=
github.com/iotaledger/iota.go/v4 v4.0.0-20230727074907-3cdbe635364a h1:DeJ71eopmBQc3ITirtGwdCLtSWVBfVQF8hcAzyRg0ww=
github.com/iotaledger/iota.go/v4 v4.0.0-20230727074907-3cdbe635364a/go.mod h1:4IyZrkfhL9sXNKCwx/j8lhQOYo0tE2XIVla5WVP37LE=
github.com/kr/pretty v0.3.1 h1:flRD4NNwYAUpkphVc1HcthR4KEIFJ65n8Mw5qdRn3LE=
github.com/kr/text v0.2.0 h1:5Nx0Ya0ZqY2ygV366QzturHI13Jq95ApcVaJBhpS+AY=
github.com/kr/text v0.2.0/go.mod h1:eLer722TekiGuMkidMxC/pM04lWEeraHUUmBw8l2grE=
github.com/mr-tron/base58 v1.2.0 h1:T/HDJBh4ZCPbU39/+c3rRvE0uKBQlU27+QI8LJ4t64o=
github.com/mr-tron/base58 v1.2.0/go.mod h1:BinMc/sQntlIE1frQmRFPUoPA1Zkr8VRgBdjWI2mNwc=
github.com/natefinch/atomic v1.0.1 h1:ZPYKxkqQOx3KZ+RsbnP/YsgvxWQPGxjC0oBt2AhwV0A=
github.com/natefinch/atomic v1.0.1/go.mod h1:N/D/ELrljoqDyT3rZrsUmtsuzvHkeB/wWjHV22AZRbM=
github.com/orcaman/writerseeker v0.0.0-20200621085525-1d3f536ff85e h1:s2RNOM/IGdY0Y6qfTeUKhDawdHDpK9RGBdx80qN4Ttw=
github.com/pasztorpisti/qs v0.0.0-20171216220353-8d6c33ee906c h1:Gcce/r5tSQeprxswXXOwQ/RBU1bjQWVd9dB7QKoPXBE=
github.com/pasztorpisti/qs v0.0.0-20171216220353-8d6c33ee906c/go.mod h1:1iCZ0433JJMecYqCa+TdWA9Pax8MGl4ByuNDZ7eSnQY=
github.com/pelletier/go-toml/v2 v2.0.9 h1:uH2qQXheeefCCkuBBSLi7jCiSmj3VRh2+Goq2N7Xxu0=
github.com/pelletier/go-toml/v2 v2.0.9/go.mod h1:tJU2Z3ZkXwnxa4DPO899bsyIoywizdUvyaeZurnPPDc=
github.com/petermattis/goid v0.0.0-20180202154549-b0b1615b78e5/go.mod h1:jvVRKCrJTQWu0XVbaOlby/2lO20uSCHEMzzplHXte1o=
github.com/petermattis/goid v0.0.0-20230518223814-80aa455d8761 h1:W04oB3d0J01W5jgYRGKsV8LCM6g9EkCvPkZcmFuy0OE=
github.com/petermattis/goid v0.0.0-20230518223814-80aa455d8761/go.mod h1:pxMtw7cyUw6B2bRH0ZBANSPg+AoSud1I1iyJHI69jH4=
github.com/pmezard/go-difflib v1.0.0 h1:4DBwDE0NGyQoBHbLQYPwSUPoCMWR5BEzIk/f1lZbAQM=
github.com/pmezard/go-difflib v1.0.0/go.mod h1:iKH77koFhYxTK1pcRnkKkqfTogsbg7gZNVY4sRDYZ/4=
github.com/rogpeppe/go-internal v1.10.0 h1:TMyTOH3F/DB16zRVcYyreMH6GnZZrwQVAoYjRBZyWFQ=
github.com/sasha-s/go-deadlock v0.3.1 h1:sqv7fDNShgjcaxkO0JNcOAlr8B9+cV5Ey/OB71efZx0=
github.com/sasha-s/go-deadlock v0.3.1/go.mod h1:F73l+cr82YSh10GxyRI6qZiCgK64VaZjwesgfQ1/iLM=
github.com/spf13/pflag v1.0.5 h1:iy+VFUOCP1a+8yFto/drg2CJ5u0yRoB7fZw3DKv/JXA=
github.com/spf13/pflag v1.0.5/go.mod h1:McXfInJRrz4CZXVZOBLb0bTZqETkiAhM9Iw0y3An2Bg=
github.com/stretchr/objx v0.1.0/go.mod h1:HFkY916IF+rwdDfMAkV7OtwuqBVzrE8GR6GFx+wExME=
github.com/stretchr/objx v0.4.0/go.mod h1:YvHI0jy2hoMjB+UWwv71VJQ9isScKT/TqJzVSSt89Yw=
github.com/stretchr/objx v0.5.0/go.mod h1:Yh+to48EsGEfYuaHDzXPcE3xhTkx73EhmCGUpEOglKo=
github.com/stretchr/testify v1.7.1/go.mod h1:6Fq8oRcR53rry900zMqJjRRixrwX3KX962/h/Wwjteg=
github.com/stretchr/testify v1.8.0/go.mod h1:yNjHg4UonilssWZ8iaSj1OCr/vHnekPRkoO+kdMU+MU=
github.com/stretchr/testify v1.8.4 h1:CcVxjf3Q8PM0mHUKJCdn+eZZtm5yQwehR5yeSVQQcUk=
github.com/stretchr/testify v1.8.4/go.mod h1:sz/lmYIOXD/1dqDmKjjqLyZ2RngseejIcXlSw2iwfAo=
github.com/wollac/iota-crypto-demo v0.0.0-20221117162917-b10619eccb98 h1:i7k63xHOX2ntuHrhHewfKro67c834jug2DIk599fqAA=
github.com/wollac/iota-crypto-demo v0.0.0-20221117162917-b10619eccb98/go.mod h1:Knu2XMRWe8SkwTlHc/+ghP+O9DEaZRQQEyTjvLJ5Cck=
github.com/zyedidia/generic v1.2.1 h1:Zv5KS/N2m0XZZiuLS82qheRG4X1o5gsWreGb0hR7XDc=
github.com/zyedidia/generic v1.2.1/go.mod h1:ly2RBz4mnz1yeuVbQA/VFwGjK3mnHGRj1JuoG336Bis=
go.uber.org/atomic v1.11.0 h1:ZvwS0R+56ePWxUNi+Atn9dWONBPp/AUETXlHW0DxSjE=
go.uber.org/atomic v1.11.0/go.mod h1:LUxbIzbOniOlMKjJjyPfpl4v+PKK2cNJn91OQbhoJI0=
golang.org/x/crypto v0.11.0 h1:6Ewdq3tDic1mg5xRO4milcWCfMVQhI4NkqWWvqejpuA=
golang.org/x/crypto v0.11.0/go.mod h1:xgJhtzW8F9jGdVFWZESrid1U1bjeNy4zgy5cRr/CIio=
golang.org/x/sys v0.10.0 h1:SqMFp9UcQJZa+pmYuAKjd9xq1f0j5rLcDIk0mj4qAsA=
golang.org/x/sys v0.10.0/go.mod h1:oPkhp1MJrh7nUepCBck5+mAzfO9JrbApNNgaTdGDITg=
golang.org/x/xerrors v0.0.0-20191204190536-9bdfabe68543/go.mod h1:I/5z698sn9Ka8TeJc9MKroUUfqBBauWjQqLJ2OPfmY0=
google.golang.org/protobuf v1.26.0-rc.1/go.mod h1:jlhhOSvTdKEhbULTjvd4ARK9grFBp09yW+WbY/TyQbw=
google.golang.org/protobuf v1.31.0 h1:g0LDEJHgrBl9N9r17Ru3sqWhkIx2NB67okBHPwC7hs8=
google.golang.org/protobuf v1.31.0/go.mod h1:HV8QOd/L58Z+nl8r43ehVNZIU/HEI6OcFqwMG9pJV4I=
gopkg.in/check.v1 v0.0.0-20161208181325-20d25e280405/go.mod h1:Co6ibVJAznAaIkqp8huTwlJQCZ016jof/cbN4VW5Yz0=
gopkg.in/check.v1 v1.0.0-20201130134442-10cb98267c6c h1:Hei/4ADfdWqJk1ZMxUNpqntNwaWcugrBjAiHlqqRiVk=
gopkg.in/yaml.v3 v3.0.0-20200313102051-9f266ea9e77c/go.mod h1:K4uyk7z7BCEPqu6E+C64Yfv1cQ7kz7rIZviUmN+EgEM=
gopkg.in/yaml.v3 v3.0.1 h1:fxVm/GzAzEWqLHuvctI91KS9hhNmmWOoWu0XTYJS7CA=
gopkg.in/yaml.v3 v3.0.1/go.mod h1:K4uyk7z7BCEPqu6E+C64Yfv1cQ7kz7rIZviUmN+EgEM=
